// !$*UTF8*$!
{
	archiveVersion = 1;
	classes = {
	};
	objectVersion = 52;
	objects = {

/* Begin PBXBuildFile section */
		72470C0B2AF721870042DAB6 /* RegistrarBackground.jpg in Resources */ = {isa = PBXBuildFile; fileRef = 72470C0A2AF721870042DAB6 /* RegistrarBackground.jpg */; };
		72470C0D2AF7218F0042DAB6 /* VisualizarBackground.jpeg in Resources */ = {isa = PBXBuildFile; fileRef = 72470C0C2AF7218F0042DAB6 /* VisualizarBackground.jpeg */; };
		72470C102AF72E460042DAB6 /* FirebaseFirestore in Frameworks */ = {isa = PBXBuildFile; productRef = 72470C0F2AF72E460042DAB6 /* FirebaseFirestore */; };
		72470C122AF72E460042DAB6 /* FirebaseFirestoreSwift-Beta in Frameworks */ = {isa = PBXBuildFile; productRef = 72470C112AF72E460042DAB6 /* FirebaseFirestoreSwift-Beta */; };
		72470C152AF72F590042DAB6 /* HomeView.swift in Sources */ = {isa = PBXBuildFile; fileRef = 72470C142AF72F590042DAB6 /* HomeView.swift */; };
		72470C172AF72F810042DAB6 /* LinkViewModel.swift in Sources */ = {isa = PBXBuildFile; fileRef = 72470C162AF72F810042DAB6 /* LinkViewModel.swift */; };
		72470C1A2AF72FB90042DAB6 /* LinkRepository.swift in Sources */ = {isa = PBXBuildFile; fileRef = 72470C192AF72FB90042DAB6 /* LinkRepository.swift */; };
		72470C1C2AF72FD50042DAB6 /* LinkDataSource.swift in Sources */ = {isa = PBXBuildFile; fileRef = 72470C1B2AF72FD50042DAB6 /* LinkDataSource.swift */; };
		72E065982AF031C300BA04CF /* AppDelegate.swift in Sources */ = {isa = PBXBuildFile; fileRef = 72E065972AF031C300BA04CF /* AppDelegate.swift */; };
		72E0659A2AF031C300BA04CF /* SceneDelegate.swift in Sources */ = {isa = PBXBuildFile; fileRef = 72E065992AF031C300BA04CF /* SceneDelegate.swift */; };
		72E0659C2AF031C300BA04CF /* ViewController.swift in Sources */ = {isa = PBXBuildFile; fileRef = 72E0659B2AF031C300BA04CF /* ViewController.swift */; };
		72E0659F2AF031C300BA04CF /* Main.storyboard in Resources */ = {isa = PBXBuildFile; fileRef = 72E0659D2AF031C300BA04CF /* Main.storyboard */; };
		72E065A22AF031C300BA04CF /* ProyectoV2.xcdatamodeld in Sources */ = {isa = PBXBuildFile; fileRef = 72E065A02AF031C300BA04CF /* ProyectoV2.xcdatamodeld */; };
		72E065A42AF031C300BA04CF /* Assets.xcassets in Resources */ = {isa = PBXBuildFile; fileRef = 72E065A32AF031C300BA04CF /* Assets.xcassets */; };
		72E065A72AF031C300BA04CF /* LaunchScreen.storyboard in Resources */ = {isa = PBXBuildFile; fileRef = 72E065A52AF031C300BA04CF /* LaunchScreen.storyboard */; };
		72E065AF2AF0431500BA04CF /* LoginViewController.swift in Sources */ = {isa = PBXBuildFile; fileRef = 72E065AE2AF0431500BA04CF /* LoginViewController.swift */; };
		72E065B12AF0464D00BA04CF /* CreateAccountViewController.swift in Sources */ = {isa = PBXBuildFile; fileRef = 72E065B02AF0464D00BA04CF /* CreateAccountViewController.swift */; };
		72E065B32AF0518500BA04CF /* GoogleService-Info.plist in Resources */ = {isa = PBXBuildFile; fileRef = 72E065B22AF0518500BA04CF /* GoogleService-Info.plist */; };
		72E065B62AF053D600BA04CF /* FirebaseAuth in Frameworks */ = {isa = PBXBuildFile; productRef = 72E065B52AF053D600BA04CF /* FirebaseAuth */; };
		72E065B82AF070C500BA04CF /* homescreen.png in Resources */ = {isa = PBXBuildFile; fileRef = 72E065B72AF070C500BA04CF /* homescreen.png */; };
		72E065BC2AF077E200BA04CF /* LoginBackground.jpeg in Resources */ = {isa = PBXBuildFile; fileRef = 72E065BB2AF077E200BA04CF /* LoginBackground.jpeg */; };
		72E065BE2AF0798500BA04CF /* RegisterBackground (1).jpeg in Resources */ = {isa = PBXBuildFile; fileRef = 72E065BD2AF0798500BA04CF /* RegisterBackground (1).jpeg */; };
		72E116712AFAC650001086B3 /* RESTViewController.swift in Sources */ = {isa = PBXBuildFile; fileRef = 72E116702AFAC650001086B3 /* RESTViewController.swift */; };
		72E116762AFAD18E001086B3 /* CeldaNoticiaTableViewCell.swift in Sources */ = {isa = PBXBuildFile; fileRef = 72E116742AFAD18E001086B3 /* CeldaNoticiaTableViewCell.swift */; };
		72E116772AFAD18E001086B3 /* CeldaNoticiaTableViewCell.xib in Resources */ = {isa = PBXBuildFile; fileRef = 72E116752AFAD18E001086B3 /* CeldaNoticiaTableViewCell.xib */; };
/* End PBXBuildFile section */

/* Begin PBXFileReference section */
		72470C0A2AF721870042DAB6 /* RegistrarBackground.jpg */ = {isa = PBXFileReference; lastKnownFileType = image.jpeg; path = RegistrarBackground.jpg; sourceTree = "<group>"; };
		72470C0C2AF7218F0042DAB6 /* VisualizarBackground.jpeg */ = {isa = PBXFileReference; lastKnownFileType = image.jpeg; path = VisualizarBackground.jpeg; sourceTree = "<group>"; };
		72470C142AF72F590042DAB6 /* HomeView.swift */ = {isa = PBXFileReference; lastKnownFileType = sourcecode.swift; path = HomeView.swift; sourceTree = "<group>"; };
		72470C162AF72F810042DAB6 /* LinkViewModel.swift */ = {isa = PBXFileReference; lastKnownFileType = sourcecode.swift; path = LinkViewModel.swift; sourceTree = "<group>"; };
		72470C192AF72FB90042DAB6 /* LinkRepository.swift */ = {isa = PBXFileReference; lastKnownFileType = sourcecode.swift; path = LinkRepository.swift; sourceTree = "<group>"; };
		72470C1B2AF72FD50042DAB6 /* LinkDataSource.swift */ = {isa = PBXFileReference; lastKnownFileType = sourcecode.swift; path = LinkDataSource.swift; sourceTree = "<group>"; };
		72E065942AF031C300BA04CF /* ProyectoV2.app */ = {isa = PBXFileReference; explicitFileType = wrapper.application; includeInIndex = 0; path = ProyectoV2.app; sourceTree = BUILT_PRODUCTS_DIR; };
		72E065972AF031C300BA04CF /* AppDelegate.swift */ = {isa = PBXFileReference; lastKnownFileType = sourcecode.swift; path = AppDelegate.swift; sourceTree = "<group>"; };
		72E065992AF031C300BA04CF /* SceneDelegate.swift */ = {isa = PBXFileReference; lastKnownFileType = sourcecode.swift; path = SceneDelegate.swift; sourceTree = "<group>"; };
		72E0659B2AF031C300BA04CF /* ViewController.swift */ = {isa = PBXFileReference; lastKnownFileType = sourcecode.swift; path = ViewController.swift; sourceTree = "<group>"; };
		72E0659E2AF031C300BA04CF /* Base */ = {isa = PBXFileReference; lastKnownFileType = file.storyboard; name = Base; path = Base.lproj/Main.storyboard; sourceTree = "<group>"; };
		72E065A12AF031C300BA04CF /* ProyectoV2.xcdatamodel */ = {isa = PBXFileReference; lastKnownFileType = wrapper.xcdatamodel; path = ProyectoV2.xcdatamodel; sourceTree = "<group>"; };
		72E065A32AF031C300BA04CF /* Assets.xcassets */ = {isa = PBXFileReference; lastKnownFileType = folder.assetcatalog; path = Assets.xcassets; sourceTree = "<group>"; };
		72E065A62AF031C300BA04CF /* Base */ = {isa = PBXFileReference; lastKnownFileType = file.storyboard; name = Base; path = Base.lproj/LaunchScreen.storyboard; sourceTree = "<group>"; };
		72E065A82AF031C300BA04CF /* Info.plist */ = {isa = PBXFileReference; lastKnownFileType = text.plist.xml; path = Info.plist; sourceTree = "<group>"; };
		72E065AE2AF0431500BA04CF /* LoginViewController.swift */ = {isa = PBXFileReference; lastKnownFileType = sourcecode.swift; path = LoginViewController.swift; sourceTree = "<group>"; };
		72E065B02AF0464D00BA04CF /* CreateAccountViewController.swift */ = {isa = PBXFileReference; lastKnownFileType = sourcecode.swift; path = CreateAccountViewController.swift; sourceTree = "<group>"; };
		72E065B22AF0518500BA04CF /* GoogleService-Info.plist */ = {isa = PBXFileReference; fileEncoding = 4; lastKnownFileType = text.plist.xml; path = "GoogleService-Info.plist"; sourceTree = "<group>"; };
		72E065B72AF070C500BA04CF /* homescreen.png */ = {isa = PBXFileReference; lastKnownFileType = image.png; path = homescreen.png; sourceTree = "<group>"; };
		72E065BB2AF077E200BA04CF /* LoginBackground.jpeg */ = {isa = PBXFileReference; lastKnownFileType = image.jpeg; path = LoginBackground.jpeg; sourceTree = "<group>"; };
		72E065BD2AF0798500BA04CF /* RegisterBackground (1).jpeg */ = {isa = PBXFileReference; lastKnownFileType = image.jpeg; path = "RegisterBackground (1).jpeg"; sourceTree = "<group>"; };
		72E116702AFAC650001086B3 /* RESTViewController.swift */ = {isa = PBXFileReference; lastKnownFileType = sourcecode.swift; path = RESTViewController.swift; sourceTree = "<group>"; };
		72E116742AFAD18E001086B3 /* CeldaNoticiaTableViewCell.swift */ = {isa = PBXFileReference; lastKnownFileType = sourcecode.swift; path = CeldaNoticiaTableViewCell.swift; sourceTree = "<group>"; };
		72E116752AFAD18E001086B3 /* CeldaNoticiaTableViewCell.xib */ = {isa = PBXFileReference; lastKnownFileType = file.xib; path = CeldaNoticiaTableViewCell.xib; sourceTree = "<group>"; };
/* End PBXFileReference section */

/* Begin PBXFrameworksBuildPhase section */
		72E065912AF031C300BA04CF /* Frameworks */ = {
			isa = PBXFrameworksBuildPhase;
			buildActionMask = 2147483647;
			files = (
				72470C122AF72E460042DAB6 /* FirebaseFirestoreSwift-Beta in Frameworks */,
				72E065B62AF053D600BA04CF /* FirebaseAuth in Frameworks */,
				72470C102AF72E460042DAB6 /* FirebaseFirestore in Frameworks */,
			);
			runOnlyForDeploymentPostprocessing = 0;
		};
/* End PBXFrameworksBuildPhase section */

/* Begin PBXGroup section */
		72470C0E2AF72E460042DAB6 /* Frameworks */ = {
			isa = PBXGroup;
			children = (
			);
			name = Frameworks;
			sourceTree = "<group>";
		};
		72470C132AF72ED40042DAB6 /* Links */ = {
			isa = PBXGroup;
			children = (
				72470C142AF72F590042DAB6 /* HomeView.swift */,
				72470C162AF72F810042DAB6 /* LinkViewModel.swift */,
				72470C182AF72F970042DAB6 /* Repository */,
			);
			path = Links;
			sourceTree = "<group>";
		};
		72470C182AF72F970042DAB6 /* Repository */ = {
			isa = PBXGroup;
			children = (
				72470C192AF72FB90042DAB6 /* LinkRepository.swift */,
				72470C1B2AF72FD50042DAB6 /* LinkDataSource.swift */,
			);
			path = Repository;
			sourceTree = "<group>";
		};
		72E0658B2AF031C300BA04CF = {
			isa = PBXGroup;
			children = (
				72E065B22AF0518500BA04CF /* GoogleService-Info.plist */,
				72E065962AF031C300BA04CF /* ProyectoV2 */,
				72E065952AF031C300BA04CF /* Products */,
				72470C0E2AF72E460042DAB6 /* Frameworks */,
			);
			sourceTree = "<group>";
		};
		72E065952AF031C300BA04CF /* Products */ = {
			isa = PBXGroup;
			children = (
				72E065942AF031C300BA04CF /* ProyectoV2.app */,
			);
			name = Products;
			sourceTree = "<group>";
		};
		72E065962AF031C300BA04CF /* ProyectoV2 */ = {
			isa = PBXGroup;
			children = (
				72470C132AF72ED40042DAB6 /* Links */,
				72E065972AF031C300BA04CF /* AppDelegate.swift */,
				72E065992AF031C300BA04CF /* SceneDelegate.swift */,
				72E0659B2AF031C300BA04CF /* ViewController.swift */,
				72E0659D2AF031C300BA04CF /* Main.storyboard */,
				72E116742AFAD18E001086B3 /* CeldaNoticiaTableViewCell.swift */,
				72E116752AFAD18E001086B3 /* CeldaNoticiaTableViewCell.xib */,
				72E116702AFAC650001086B3 /* RESTViewController.swift */,
				72E065AE2AF0431500BA04CF /* LoginViewController.swift */,
				72E065B02AF0464D00BA04CF /* CreateAccountViewController.swift */,
				72E065A32AF031C300BA04CF /* Assets.xcassets */,
				72470C0A2AF721870042DAB6 /* RegistrarBackground.jpg */,
				72E065BB2AF077E200BA04CF /* LoginBackground.jpeg */,
				72470C0C2AF7218F0042DAB6 /* VisualizarBackground.jpeg */,
				72E065B72AF070C500BA04CF /* homescreen.png */,
				72E065BD2AF0798500BA04CF /* RegisterBackground (1).jpeg */,
				72E065A52AF031C300BA04CF /* LaunchScreen.storyboard */,
				72E065A82AF031C300BA04CF /* Info.plist */,
				72E065A02AF031C300BA04CF /* ProyectoV2.xcdatamodeld */,
			);
			path = ProyectoV2;
			sourceTree = "<group>";
		};
/* End PBXGroup section */

/* Begin PBXNativeTarget section */
		72E065932AF031C300BA04CF /* ProyectoV2 */ = {
			isa = PBXNativeTarget;
			buildConfigurationList = 72E065AB2AF031C300BA04CF /* Build configuration list for PBXNativeTarget "ProyectoV2" */;
			buildPhases = (
				72E065902AF031C300BA04CF /* Sources */,
				72E065912AF031C300BA04CF /* Frameworks */,
				72E065922AF031C300BA04CF /* Resources */,
			);
			buildRules = (
			);
			dependencies = (
			);
			name = ProyectoV2;
			packageProductDependencies = (
				72E065B52AF053D600BA04CF /* FirebaseAuth */,
				72470C0F2AF72E460042DAB6 /* FirebaseFirestore */,
				72470C112AF72E460042DAB6 /* FirebaseFirestoreSwift-Beta */,
			);
			productName = ProyectoV2;
			productReference = 72E065942AF031C300BA04CF /* ProyectoV2.app */;
			productType = "com.apple.product-type.application";
		};
/* End PBXNativeTarget section */

/* Begin PBXProject section */
		72E0658C2AF031C300BA04CF /* Project object */ = {
			isa = PBXProject;
			attributes = {
				LastSwiftUpdateCheck = 1250;
				LastUpgradeCheck = 1250;
				TargetAttributes = {
					72E065932AF031C300BA04CF = {
						CreatedOnToolsVersion = 12.5.1;
					};
				};
			};
			buildConfigurationList = 72E0658F2AF031C300BA04CF /* Build configuration list for PBXProject "ProyectoV2" */;
			compatibilityVersion = "Xcode 9.3";
			developmentRegion = en;
			hasScannedForEncodings = 0;
			knownRegions = (
				en,
				Base,
			);
			mainGroup = 72E0658B2AF031C300BA04CF;
			packageReferences = (
				72E065B42AF053D600BA04CF /* XCRemoteSwiftPackageReference "firebase-ios-sdk" */,
			);
			productRefGroup = 72E065952AF031C300BA04CF /* Products */;
			projectDirPath = "";
			projectRoot = "";
			targets = (
				72E065932AF031C300BA04CF /* ProyectoV2 */,
			);
		};
/* End PBXProject section */

/* Begin PBXResourcesBuildPhase section */
		72E065922AF031C300BA04CF /* Resources */ = {
			isa = PBXResourcesBuildPhase;
			buildActionMask = 2147483647;
			files = (
				72E065B82AF070C500BA04CF /* homescreen.png in Resources */,
				72470C0B2AF721870042DAB6 /* RegistrarBackground.jpg in Resources */,
				72E065BC2AF077E200BA04CF /* LoginBackground.jpeg in Resources */,
				72470C0D2AF7218F0042DAB6 /* VisualizarBackground.jpeg in Resources */,
				72E065A72AF031C300BA04CF /* LaunchScreen.storyboard in Resources */,
				72E065B32AF0518500BA04CF /* GoogleService-Info.plist in Resources */,
				72E065A42AF031C300BA04CF /* Assets.xcassets in Resources */,
				72E116772AFAD18E001086B3 /* CeldaNoticiaTableViewCell.xib in Resources */,
				72E0659F2AF031C300BA04CF /* Main.storyboard in Resources */,
				72E065BE2AF0798500BA04CF /* RegisterBackground (1).jpeg in Resources */,
			);
			runOnlyForDeploymentPostprocessing = 0;
		};
/* End PBXResourcesBuildPhase section */

/* Begin PBXSourcesBuildPhase section */
		72E065902AF031C300BA04CF /* Sources */ = {
			isa = PBXSourcesBuildPhase;
			buildActionMask = 2147483647;
			files = (
				72470C172AF72F810042DAB6 /* LinkViewModel.swift in Sources */,
				72E116762AFAD18E001086B3 /* CeldaNoticiaTableViewCell.swift in Sources */,
				72E065B12AF0464D00BA04CF /* CreateAccountViewController.swift in Sources */,
				72470C1C2AF72FD50042DAB6 /* LinkDataSource.swift in Sources */,
				72E116712AFAC650001086B3 /* RESTViewController.swift in Sources */,
				72470C152AF72F590042DAB6 /* HomeView.swift in Sources */,
				72E065A22AF031C300BA04CF /* ProyectoV2.xcdatamodeld in Sources */,
				72E0659C2AF031C300BA04CF /* ViewController.swift in Sources */,
				72470C1A2AF72FB90042DAB6 /* LinkRepository.swift in Sources */,
				72E065982AF031C300BA04CF /* AppDelegate.swift in Sources */,
				72E065AF2AF0431500BA04CF /* LoginViewController.swift in Sources */,
				72E0659A2AF031C300BA04CF /* SceneDelegate.swift in Sources */,
			);
			runOnlyForDeploymentPostprocessing = 0;
		};
/* End PBXSourcesBuildPhase section */

/* Begin PBXVariantGroup section */
		72E0659D2AF031C300BA04CF /* Main.storyboard */ = {
			isa = PBXVariantGroup;
			children = (
				72E0659E2AF031C300BA04CF /* Base */,
			);
			name = Main.storyboard;
			sourceTree = "<group>";
		};
		72E065A52AF031C300BA04CF /* LaunchScreen.storyboard */ = {
			isa = PBXVariantGroup;
			children = (
				72E065A62AF031C300BA04CF /* Base */,
			);
			name = LaunchScreen.storyboard;
			sourceTree = "<group>";
		};
/* End PBXVariantGroup section */

/* Begin XCBuildConfiguration section */
		72E065A92AF031C300BA04CF /* Debug */ = {
			isa = XCBuildConfiguration;
			buildSettings = {
				ALWAYS_SEARCH_USER_PATHS = NO;
				CLANG_ANALYZER_NONNULL = YES;
				CLANG_ANALYZER_NUMBER_OBJECT_CONVERSION = YES_AGGRESSIVE;
				CLANG_CXX_LANGUAGE_STANDARD = "gnu++14";
				CLANG_CXX_LIBRARY = "libc++";
				CLANG_ENABLE_MODULES = YES;
				CLANG_ENABLE_OBJC_ARC = YES;
				CLANG_ENABLE_OBJC_WEAK = YES;
				CLANG_WARN_BLOCK_CAPTURE_AUTORELEASING = YES;
				CLANG_WARN_BOOL_CONVERSION = YES;
				CLANG_WARN_COMMA = YES;
				CLANG_WARN_CONSTANT_CONVERSION = YES;
				CLANG_WARN_DEPRECATED_OBJC_IMPLEMENTATIONS = YES;
				CLANG_WARN_DIRECT_OBJC_ISA_USAGE = YES_ERROR;
				CLANG_WARN_DOCUMENTATION_COMMENTS = YES;
				CLANG_WARN_EMPTY_BODY = YES;
				CLANG_WARN_ENUM_CONVERSION = YES;
				CLANG_WARN_INFINITE_RECURSION = YES;
				CLANG_WARN_INT_CONVERSION = YES;
				CLANG_WARN_NON_LITERAL_NULL_CONVERSION = YES;
				CLANG_WARN_OBJC_IMPLICIT_RETAIN_SELF = YES;
				CLANG_WARN_OBJC_LITERAL_CONVERSION = YES;
				CLANG_WARN_OBJC_ROOT_CLASS = YES_ERROR;
				CLANG_WARN_QUOTED_INCLUDE_IN_FRAMEWORK_HEADER = YES;
				CLANG_WARN_RANGE_LOOP_ANALYSIS = YES;
				CLANG_WARN_STRICT_PROTOTYPES = YES;
				CLANG_WARN_SUSPICIOUS_MOVE = YES;
				CLANG_WARN_UNGUARDED_AVAILABILITY = YES_AGGRESSIVE;
				CLANG_WARN_UNREACHABLE_CODE = YES;
				CLANG_WARN__DUPLICATE_METHOD_MATCH = YES;
				COPY_PHASE_STRIP = NO;
				DEBUG_INFORMATION_FORMAT = dwarf;
				ENABLE_STRICT_OBJC_MSGSEND = YES;
				ENABLE_TESTABILITY = YES;
				GCC_C_LANGUAGE_STANDARD = gnu11;
				GCC_DYNAMIC_NO_PIC = NO;
				GCC_NO_COMMON_BLOCKS = YES;
				GCC_OPTIMIZATION_LEVEL = 0;
				GCC_PREPROCESSOR_DEFINITIONS = (
					"DEBUG=1",
					"$(inherited)",
				);
				GCC_WARN_64_TO_32_BIT_CONVERSION = YES;
				GCC_WARN_ABOUT_RETURN_TYPE = YES_ERROR;
				GCC_WARN_UNDECLARED_SELECTOR = YES;
				GCC_WARN_UNINITIALIZED_AUTOS = YES_AGGRESSIVE;
				GCC_WARN_UNUSED_FUNCTION = YES;
				GCC_WARN_UNUSED_VARIABLE = YES;
				IPHONEOS_DEPLOYMENT_TARGET = 14.5;
				MTL_ENABLE_DEBUG_INFO = INCLUDE_SOURCE;
				MTL_FAST_MATH = YES;
				ONLY_ACTIVE_ARCH = YES;
				SDKROOT = iphoneos;
				SWIFT_ACTIVE_COMPILATION_CONDITIONS = DEBUG;
				SWIFT_OPTIMIZATION_LEVEL = "-Onone";
			};
			name = Debug;
		};
		72E065AA2AF031C300BA04CF /* Release */ = {
			isa = XCBuildConfiguration;
			buildSettings = {
				ALWAYS_SEARCH_USER_PATHS = NO;
				CLANG_ANALYZER_NONNULL = YES;
				CLANG_ANALYZER_NUMBER_OBJECT_CONVERSION = YES_AGGRESSIVE;
				CLANG_CXX_LANGUAGE_STANDARD = "gnu++14";
				CLANG_CXX_LIBRARY = "libc++";
				CLANG_ENABLE_MODULES = YES;
				CLANG_ENABLE_OBJC_ARC = YES;
				CLANG_ENABLE_OBJC_WEAK = YES;
				CLANG_WARN_BLOCK_CAPTURE_AUTORELEASING = YES;
				CLANG_WARN_BOOL_CONVERSION = YES;
				CLANG_WARN_COMMA = YES;
				CLANG_WARN_CONSTANT_CONVERSION = YES;
				CLANG_WARN_DEPRECATED_OBJC_IMPLEMENTATIONS = YES;
				CLANG_WARN_DIRECT_OBJC_ISA_USAGE = YES_ERROR;
				CLANG_WARN_DOCUMENTATION_COMMENTS = YES;
				CLANG_WARN_EMPTY_BODY = YES;
				CLANG_WARN_ENUM_CONVERSION = YES;
				CLANG_WARN_INFINITE_RECURSION = YES;
				CLANG_WARN_INT_CONVERSION = YES;
				CLANG_WARN_NON_LITERAL_NULL_CONVERSION = YES;
				CLANG_WARN_OBJC_IMPLICIT_RETAIN_SELF = YES;
				CLANG_WARN_OBJC_LITERAL_CONVERSION = YES;
				CLANG_WARN_OBJC_ROOT_CLASS = YES_ERROR;
				CLANG_WARN_QUOTED_INCLUDE_IN_FRAMEWORK_HEADER = YES;
				CLANG_WARN_RANGE_LOOP_ANALYSIS = YES;
				CLANG_WARN_STRICT_PROTOTYPES = YES;
				CLANG_WARN_SUSPICIOUS_MOVE = YES;
				CLANG_WARN_UNGUARDED_AVAILABILITY = YES_AGGRESSIVE;
				CLANG_WARN_UNREACHABLE_CODE = YES;
				CLANG_WARN__DUPLICATE_METHOD_MATCH = YES;
				COPY_PHASE_STRIP = NO;
				DEBUG_INFORMATION_FORMAT = "dwarf-with-dsym";
				ENABLE_NS_ASSERTIONS = NO;
				ENABLE_STRICT_OBJC_MSGSEND = YES;
				GCC_C_LANGUAGE_STANDARD = gnu11;
				GCC_NO_COMMON_BLOCKS = YES;
				GCC_WARN_64_TO_32_BIT_CONVERSION = YES;
				GCC_WARN_ABOUT_RETURN_TYPE = YES_ERROR;
				GCC_WARN_UNDECLARED_SELECTOR = YES;
				GCC_WARN_UNINITIALIZED_AUTOS = YES_AGGRESSIVE;
				GCC_WARN_UNUSED_FUNCTION = YES;
				GCC_WARN_UNUSED_VARIABLE = YES;
				IPHONEOS_DEPLOYMENT_TARGET = 14.5;
				MTL_ENABLE_DEBUG_INFO = NO;
				MTL_FAST_MATH = YES;
				SDKROOT = iphoneos;
				SWIFT_COMPILATION_MODE = wholemodule;
				SWIFT_OPTIMIZATION_LEVEL = "-O";
				VALIDATE_PRODUCT = YES;
			};
			name = Release;
		};
		72E065AC2AF031C300BA04CF /* Debug */ = {
			isa = XCBuildConfiguration;
			buildSettings = {
				ASSETCATALOG_COMPILER_APPICON_NAME = AppIcon;
				ASSETCATALOG_COMPILER_GLOBAL_ACCENT_COLOR_NAME = AccentColor;
				CODE_SIGN_STYLE = Automatic;
				INFOPLIST_FILE = ProyectoV2/Info.plist;
				LD_RUNPATH_SEARCH_PATHS = (
					"$(inherited)",
					"@executable_path/Frameworks",
				);
				PRODUCT_BUNDLE_IDENTIFIER = Cibertec.ProyectoV2;
				PRODUCT_NAME = "$(TARGET_NAME)";
				SWIFT_VERSION = 5.0;
				TARGETED_DEVICE_FAMILY = "1,2";
			};
			name = Debug;
		};
		72E065AD2AF031C300BA04CF /* Release */ = {
			isa = XCBuildConfiguration;
			buildSettings = {
				ASSETCATALOG_COMPILER_APPICON_NAME = AppIcon;
				ASSETCATALOG_COMPILER_GLOBAL_ACCENT_COLOR_NAME = AccentColor;
				CODE_SIGN_STYLE = Automatic;
				INFOPLIST_FILE = ProyectoV2/Info.plist;
				LD_RUNPATH_SEARCH_PATHS = (
					"$(inherited)",
					"@executable_path/Frameworks",
				);
				PRODUCT_BUNDLE_IDENTIFIER = Cibertec.ProyectoV2;
				PRODUCT_NAME = "$(TARGET_NAME)";
				SWIFT_VERSION = 5.0;
				TARGETED_DEVICE_FAMILY = "1,2";
			};
			name = Release;
		};
/* End XCBuildConfiguration section */

/* Begin XCConfigurationList section */
		72E0658F2AF031C300BA04CF /* Build configuration list for PBXProject "ProyectoV2" */ = {
			isa = XCConfigurationList;
			buildConfigurations = (
				72E065A92AF031C300BA04CF /* Debug */,
				72E065AA2AF031C300BA04CF /* Release */,
			);
			defaultConfigurationIsVisible = 0;
			defaultConfigurationName = Release;
		};
		72E065AB2AF031C300BA04CF /* Build configuration list for PBXNativeTarget "ProyectoV2" */ = {
			isa = XCConfigurationList;
			buildConfigurations = (
				72E065AC2AF031C300BA04CF /* Debug */,
				72E065AD2AF031C300BA04CF /* Release */,
			);
			defaultConfigurationIsVisible = 0;
			defaultConfigurationName = Release;
		};
/* End XCConfigurationList section */

/* Begin XCRemoteSwiftPackageReference section */
		72E065B42AF053D600BA04CF /* XCRemoteSwiftPackageReference "firebase-ios-sdk" */ = {
			isa = XCRemoteSwiftPackageReference;
			repositoryURL = "https://github.com/firebase/firebase-ios-sdk";
			requirement = {
				kind = exactVersion;
				version = 8.6.0;
			};
		};
/* End XCRemoteSwiftPackageReference section */

/* Begin XCSwiftPackageProductDependency section */
		72470C0F2AF72E460042DAB6 /* FirebaseFirestore */ = {
			isa = XCSwiftPackageProductDependency;
			package = 72E065B42AF053D600BA04CF /* XCRemoteSwiftPackageReference "firebase-ios-sdk" */;
			productName = FirebaseFirestore;
		};
		72470C112AF72E460042DAB6 /* FirebaseFirestoreSwift-Beta */ = {
			isa = XCSwiftPackageProductDependency;
			package = 72E065B42AF053D600BA04CF /* XCRemoteSwiftPackageReference "firebase-ios-sdk" */;
			productName = "FirebaseFirestoreSwift-Beta";
		};
		72E065B52AF053D600BA04CF /* FirebaseAuth */ = {
			isa = XCSwiftPackageProductDependency;
			package = 72E065B42AF053D600BA04CF /* XCRemoteSwiftPackageReference "firebase-ios-sdk" */;
			productName = FirebaseAuth;
		};
/* End XCSwiftPackageProductDependency section */

/* Begin XCVersionGroup section */
		72E065A02AF031C300BA04CF /* ProyectoV2.xcdatamodeld */ = {
			isa = XCVersionGroup;
			children = (
				72E065A12AF031C300BA04CF /* ProyectoV2.xcdatamodel */,
			);
			currentVersion = 72E065A12AF031C300BA04CF /* ProyectoV2.xcdatamodel */;
			path = ProyectoV2.xcdatamodeld;
			sourceTree = "<group>";
			versionGroupType = wrapper.xcdatamodel;
		};
/* End XCVersionGroup section */
	};
	rootObject = 72E0658C2AF031C300BA04CF /* Project object */;
}
